
Microsoft Visual Studio Solution File, Format Version 12.00
# Visual Studio Version 16
VisualStudioVersion = 16.0.33214.272
MinimumVisualStudioVersion = 10.0.40219.1
Project("{FAE04EC0-301F-11D3-BF4B-00C04F79EFBC}") = "phytophyl", "phytophyl.csproj", "{24A0B2C4-D6F5-4CF2-8636-DDB7B138F5D1}"
EndProject
Global
	GlobalSection(SolutionConfigurationPlatforms) = preSolution
		Debug|Any CPU = Debug|Any CPU
		Release|Any CPU = Release|Any CPU
	EndGlobalSection
	GlobalSection(ProjectConfigurationPlatforms) = postSolution
		{24A0B2C4-D6F5-4CF2-8636-DDB7B138F5D1}.Debug|Any CPU.ActiveCfg = Debug|Any CPU
		{24A0B2C4-D6F5-4CF2-8636-DDB7B138F5D1}.Debug|Any CPU.Build.0 = Debug|Any CPU
		{24A0B2C4-D6F5-4CF2-8636-DDB7B138F5D1}.Release|Any CPU.ActiveCfg = Release|Any CPU
		{24A0B2C4-D6F5-4CF2-8636-DDB7B138F5D1}.Release|Any CPU.Build.0 = Release|Any CPU
	EndGlobalSection
	GlobalSection(SolutionProperties) = preSolution
		HideSolutionNode = FALSE
	EndGlobalSection
	GlobalSection(ExtensibilityGlobals) = postSolution
		SolutionGuid = {42A8C1A1-7817-44BE-967B-7CFD5A54D5A4}
	EndGlobalSection
EndGlobal
